
Microsoft Visual Studio Solution File, Format Version 10.00
# Visual Studio 2008
Project("{8BC9CEB8-8B4A-11D0-8D11-00A0C91BC942}") = "PPcommon", "PPcommon\PPcommon.vcproj", "{C8AE0571-7D1A-47C7-AB54-3E3E42ECF61A}"
EndProject
Project("{8BC9CEB8-8B4A-11D0-8D11-00A0C91BC942}") = "PPc", "PPc\PPc.vcproj", "{BCC085FF-FF2D-4020-9BE1-C0387AB4791E}"
	ProjectSection(ProjectDependencies) = postProject
		{C8AE0571-7D1A-47C7-AB54-3E3E42ECF61A} = {C8AE0571-7D1A-47C7-AB54-3E3E42ECF61A}
	EndProjectSection
EndProject
Project("{8BC9CEB8-8B4A-11D0-8D11-00A0C91BC942}") = "PPb", "PPb\PPb.vcproj", "{115C8CB6-9493-4A76-B053-AE01D212815C}"
	ProjectSection(ProjectDependencies) = postProject
		{C8AE0571-7D1A-47C7-AB54-3E3E42ECF61A} = {C8AE0571-7D1A-47C7-AB54-3E3E42ECF61A}
	EndProjectSection
EndProject
Project("{8BC9CEB8-8B4A-11D0-8D11-00A0C91BC942}") = "PPtray", "PPtray\PPtray.vcproj", "{85408D37-A00E-46EB-ABBF-95A53860590E}"
	ProjectSection(ProjectDependencies) = postProject
		{C8AE0571-7D1A-47C7-AB54-3E3E42ECF61A} = {C8AE0571-7D1A-47C7-AB54-3E3E42ECF61A}
	EndProjectSection
EndProject
Project("{8BC9CEB8-8B4A-11D0-8D11-00A0C91BC942}") = "PPcust", "PPcust\PPcust.vcproj", "{472707DC-3D61-4264-B6F7-FFC4A934F2E8}"
	ProjectSection(ProjectDependencies) = postProject
		{C8AE0571-7D1A-47C7-AB54-3E3E42ECF61A} = {C8AE0571-7D1A-47C7-AB54-3E3E42ECF61A}
	EndProjectSection
EndProject
Project("{8BC9CEB8-8B4A-11D0-8D11-00A0C91BC942}") = "PPffix", "PPffix\PPffix.vcproj", "{21455123-C41B-4C7C-B198-2EF7FA94B1AD}"
	ProjectSection(ProjectDependencies) = postProject
		{C8AE0571-7D1A-47C7-AB54-3E3E42ECF61A} = {C8AE0571-7D1A-47C7-AB54-3E3E42ECF61A}
	EndProjectSection
EndProject
Project("{8BC9CEB8-8B4A-11D0-8D11-00A0C91BC942}") = "SETUP", "SETUP\SETUP.vcproj", "{D6D4F5A7-A3BC-40EE-9D91-A69327F108C4}"
	ProjectSection(ProjectDependencies) = postProject
		{C8AE0571-7D1A-47C7-AB54-3E3E42ECF61A} = {C8AE0571-7D1A-47C7-AB54-3E3E42ECF61A}
	EndProjectSection
EndProject
Project("{8BC9CEB8-8B4A-11D0-8D11-00A0C91BC942}") = "PPv", "PPv\PPv.vcproj", "{54E597ED-ADE1-43E6-BEDF-FD0F485D2CEC}"
	ProjectSection(ProjectDependencies) = postProject
		{C8AE0571-7D1A-47C7-AB54-3E3E42ECF61A} = {C8AE0571-7D1A-47C7-AB54-3E3E42ECF61A}
	EndProjectSection
EndProject
Global
	GlobalSection(SolutionConfigurationPlatforms) = preSolution
		Release|x64 = Release|x64
		Release|Win32 = Release|Win32
		Debug|x64 = Debug|x64
		Debug|Win32 = Debug|Win32
	EndGlobalSection
	GlobalSection(ProjectConfigurationPlatforms) = postSolution
		{C8AE0571-7D1A-47C7-AB54-3E3E42ECF61A}.Debug|Win32.ActiveCfg = Debug|Win32
		{C8AE0571-7D1A-47C7-AB54-3E3E42ECF61A}.Debug|Win32.Build.0 = Debug|Win32
		{C8AE0571-7D1A-47C7-AB54-3E3E42ECF61A}.Debug|x64.ActiveCfg = Debug|x64
		{C8AE0571-7D1A-47C7-AB54-3E3E42ECF61A}.Debug|x64.Build.0 = Debug|x64
		{C8AE0571-7D1A-47C7-AB54-3E3E42ECF61A}.Release|Win32.ActiveCfg = Release|Win32
		{C8AE0571-7D1A-47C7-AB54-3E3E42ECF61A}.Release|Win32.Build.0 = Release|Win32
		{C8AE0571-7D1A-47C7-AB54-3E3E42ECF61A}.Release|x64.ActiveCfg = Release|x64
		{C8AE0571-7D1A-47C7-AB54-3E3E42ECF61A}.Release|x64.Build.0 = Release|x64
		{BCC085FF-FF2D-4020-9BE1-C0387AB4791E}.Debug|Win32.ActiveCfg = Debug|Win32
		{BCC085FF-FF2D-4020-9BE1-C0387AB4791E}.Debug|Win32.Build.0 = Debug|Win32
		{BCC085FF-FF2D-4020-9BE1-C0387AB4791E}.Debug|x64.ActiveCfg = Debug|x64
		{BCC085FF-FF2D-4020-9BE1-C0387AB4791E}.Debug|x64.Build.0 = Debug|x64
		{BCC085FF-FF2D-4020-9BE1-C0387AB4791E}.Release|Win32.ActiveCfg = Release|Win32
		{BCC085FF-FF2D-4020-9BE1-C0387AB4791E}.Release|Win32.Build.0 = Release|Win32
		{BCC085FF-FF2D-4020-9BE1-C0387AB4791E}.Release|x64.ActiveCfg = Release|x64
		{BCC085FF-FF2D-4020-9BE1-C0387AB4791E}.Release|x64.Build.0 = Release|x64
		{115C8CB6-9493-4A76-B053-AE01D212815C}.Debug|Win32.ActiveCfg = Debug|Win32
		{115C8CB6-9493-4A76-B053-AE01D212815C}.Debug|Win32.Build.0 = Debug|Win32
		{115C8CB6-9493-4A76-B053-AE01D212815C}.Debug|x64.ActiveCfg = Debug|x64
		{115C8CB6-9493-4A76-B053-AE01D212815C}.Debug|x64.Build.0 = Debug|x64
		{115C8CB6-9493-4A76-B053-AE01D212815C}.Release|Win32.ActiveCfg = Release|Win32
		{115C8CB6-9493-4A76-B053-AE01D212815C}.Release|Win32.Build.0 = Release|Win32
		{115C8CB6-9493-4A76-B053-AE01D212815C}.Release|x64.ActiveCfg = Release|x64
		{115C8CB6-9493-4A76-B053-AE01D212815C}.Release|x64.Build.0 = Release|x64
		{85408D37-A00E-46EB-ABBF-95A53860590E}.Debug|Win32.ActiveCfg = Debug|Win32
		{85408D37-A00E-46EB-ABBF-95A53860590E}.Debug|Win32.Build.0 = Debug|Win32
		{85408D37-A00E-46EB-ABBF-95A53860590E}.Debug|x64.ActiveCfg = Debug|x64
		{85408D37-A00E-46EB-ABBF-95A53860590E}.Debug|x64.Build.0 = Debug|x64
		{85408D37-A00E-46EB-ABBF-95A53860590E}.Release|Win32.ActiveCfg = Release|Win32
		{85408D37-A00E-46EB-ABBF-95A53860590E}.Release|Win32.Build.0 = Release|Win32
		{85408D37-A00E-46EB-ABBF-95A53860590E}.Release|x64.ActiveCfg = Release|x64
		{85408D37-A00E-46EB-ABBF-95A53860590E}.Release|x64.Build.0 = Release|x64
		{472707DC-3D61-4264-B6F7-FFC4A934F2E8}.Debug|Win32.ActiveCfg = Debug|Win32
		{472707DC-3D61-4264-B6F7-FFC4A934F2E8}.Debug|Win32.Build.0 = Debug|Win32
		{472707DC-3D61-4264-B6F7-FFC4A934F2E8}.Debug|x64.ActiveCfg = Debug|x64
		{472707DC-3D61-4264-B6F7-FFC4A934F2E8}.Debug|x64.Build.0 = Debug|x64
		{472707DC-3D61-4264-B6F7-FFC4A934F2E8}.Release|Win32.ActiveCfg = Release|Win32
		{472707DC-3D61-4264-B6F7-FFC4A934F2E8}.Release|Win32.Build.0 = Release|Win32
		{472707DC-3D61-4264-B6F7-FFC4A934F2E8}.Release|x64.ActiveCfg = Release|x64
		{472707DC-3D61-4264-B6F7-FFC4A934F2E8}.Release|x64.Build.0 = Release|x64
		{21455123-C41B-4C7C-B198-2EF7FA94B1AD}.Debug|Win32.ActiveCfg = Debug|Win32
		{21455123-C41B-4C7C-B198-2EF7FA94B1AD}.Debug|Win32.Build.0 = Debug|Win32
		{21455123-C41B-4C7C-B198-2EF7FA94B1AD}.Debug|x64.ActiveCfg = Debug|x64
		{21455123-C41B-4C7C-B198-2EF7FA94B1AD}.Debug|x64.Build.0 = Debug|x64
		{21455123-C41B-4C7C-B198-2EF7FA94B1AD}.Release|Win32.ActiveCfg = Release|Win32
		{21455123-C41B-4C7C-B198-2EF7FA94B1AD}.Release|Win32.Build.0 = Release|Win32
		{21455123-C41B-4C7C-B198-2EF7FA94B1AD}.Release|x64.ActiveCfg = Release|x64
		{21455123-C41B-4C7C-B198-2EF7FA94B1AD}.Release|x64.Build.0 = Release|x64
		{D6D4F5A7-A3BC-40EE-9D91-A69327F108C4}.Debug|Win32.ActiveCfg = Debug|Win32
		{D6D4F5A7-A3BC-40EE-9D91-A69327F108C4}.Debug|Win32.Build.0 = Debug|Win32
		{D6D4F5A7-A3BC-40EE-9D91-A69327F108C4}.Debug|x64.ActiveCfg = Debug|x64
		{D6D4F5A7-A3BC-40EE-9D91-A69327F108C4}.Debug|x64.Build.0 = Debug|x64
		{D6D4F5A7-A3BC-40EE-9D91-A69327F108C4}.Release|Win32.ActiveCfg = Release|Win32
		{D6D4F5A7-A3BC-40EE-9D91-A69327F108C4}.Release|Win32.Build.0 = Release|Win32
		{D6D4F5A7-A3BC-40EE-9D91-A69327F108C4}.Release|x64.ActiveCfg = Release|x64
		{D6D4F5A7-A3BC-40EE-9D91-A69327F108C4}.Release|x64.Build.0 = Release|x64
		{54E597ED-ADE1-43E6-BEDF-FD0F485D2CEC}.Debug|Win32.ActiveCfg = Debug|Win32
		{54E597ED-ADE1-43E6-BEDF-FD0F485D2CEC}.Debug|Win32.Build.0 = Debug|Win32
		{54E597ED-ADE1-43E6-BEDF-FD0F485D2CEC}.Debug|x64.ActiveCfg = Debug|x64
		{54E597ED-ADE1-43E6-BEDF-FD0F485D2CEC}.Debug|x64.Build.0 = Debug|x64
		{54E597ED-ADE1-43E6-BEDF-FD0F485D2CEC}.Release|Win32.ActiveCfg = Release|Win32
		{54E597ED-ADE1-43E6-BEDF-FD0F485D2CEC}.Release|Win32.Build.0 = Release|Win32
		{54E597ED-ADE1-43E6-BEDF-FD0F485D2CEC}.Release|x64.ActiveCfg = Release|x64
		{54E597ED-ADE1-43E6-BEDF-FD0F485D2CEC}.Release|x64.Build.0 = Release|x64
	EndGlobalSection
	GlobalSection(SolutionProperties) = preSolution
		HideSolutionNode = FALSE
	EndGlobalSection
EndGlobal
