Microsoft Visual Studio Solution File, Format Version 12.00
# Visual Studio Version 16
VisualStudioVersion = 16.0.29102.190
MinimumVisualStudioVersion = 10.0.40219.1
Project("{8BC9CEB8-8B4A-11D0-8D11-00A0C91BC942}") = "PPcommon", "PPcommon\PPcommon.vcxproj", "{131DF933-45A0-4B73-8B31-AF4AE5A14FE1}"
EndProject
Project("{8BC9CEB8-8B4A-11D0-8D11-00A0C91BC942}") = "PPc", "PPc\PPc.vcxproj", "{E34CF54D-5EF4-456E-B25D-85DBB05D0773}"
	ProjectSection(ProjectDependencies) = postProject
		{131DF933-45A0-4B73-8B31-AF4AE5A14FE1} = {131DF933-45A0-4B73-8B31-AF4AE5A14FE1}
	EndProjectSection
EndProject
Project("{8BC9CEB8-8B4A-11D0-8D11-00A0C91BC942}") = "PPv", "PPv\PPv.vcxproj", "{CE23BFEE-387F-494D-A8BC-85216C28C0D7}"
	ProjectSection(ProjectDependencies) = postProject
		{131DF933-45A0-4B73-8B31-AF4AE5A14FE1} = {131DF933-45A0-4B73-8B31-AF4AE5A14FE1}
	EndProjectSection
EndProject
Project("{8BC9CEB8-8B4A-11D0-8D11-00A0C91BC942}") = "PPcust", "PPcust\PPcust.vcxproj", "{30287EC1-98BA-476E-92B7-825D69B8DAA8}"
	ProjectSection(ProjectDependencies) = postProject
		{131DF933-45A0-4B73-8B31-AF4AE5A14FE1} = {131DF933-45A0-4B73-8B31-AF4AE5A14FE1}
	EndProjectSection
EndProject
Project("{8BC9CEB8-8B4A-11D0-8D11-00A0C91BC942}") = "PPtray", "PPtray\PPtray.vcxproj", "{1D7D5556-45A6-4FA6-8901-E55567564713}"
	ProjectSection(ProjectDependencies) = postProject
		{131DF933-45A0-4B73-8B31-AF4AE5A14FE1} = {131DF933-45A0-4B73-8B31-AF4AE5A14FE1}
	EndProjectSection
EndProject
Project("{8BC9CEB8-8B4A-11D0-8D11-00A0C91BC942}") = "PPb", "PPb\PPb.vcxproj", "{F9962044-6240-420E-BB42-274FC56A7F99}"
	ProjectSection(ProjectDependencies) = postProject
		{131DF933-45A0-4B73-8B31-AF4AE5A14FE1} = {131DF933-45A0-4B73-8B31-AF4AE5A14FE1}
	EndProjectSection
EndProject
Project("{8BC9CEB8-8B4A-11D0-8D11-00A0C91BC942}") = "PPffix", "PPffix\PPffix.vcxproj", "{1E83D902-9124-40F7-91F1-AA930C1B3F51}"
	ProjectSection(ProjectDependencies) = postProject
		{131DF933-45A0-4B73-8B31-AF4AE5A14FE1} = {131DF933-45A0-4B73-8B31-AF4AE5A14FE1}
	EndProjectSection
EndProject
Project("{8BC9CEB8-8B4A-11D0-8D11-00A0C91BC942}") = "setup", "setup\setup.vcxproj", "{E9F482A4-A807-46F3-AF18-F35F59EB0D5B}"
EndProject
Global
	GlobalSection(SolutionConfigurationPlatforms) = preSolution
		Debug DirectWrite|ARM = Debug DirectWrite|ARM
		Debug DirectWrite|ARM64 = Debug DirectWrite|ARM64
		Debug DirectWrite|x64 = Debug DirectWrite|x64
		Debug DirectWrite|x86 = Debug DirectWrite|x86
		Debug MultiByte|ARM = Debug MultiByte|ARM
		Debug MultiByte|ARM64 = Debug MultiByte|ARM64
		Debug MultiByte|x64 = Debug MultiByte|x64
		Debug MultiByte|x86 = Debug MultiByte|x86
		Debug|ARM = Debug|ARM
		Debug|ARM64 = Debug|ARM64
		Debug|x64 = Debug|x64
		Debug|x86 = Debug|x86
		Release DirectWrite|ARM = Release DirectWrite|ARM
		Release DirectWrite|ARM64 = Release DirectWrite|ARM64
		Release DirectWrite|x64 = Release DirectWrite|x64
		Release DirectWrite|x86 = Release DirectWrite|x86
		Release|ARM = Release|ARM
		Release|ARM64 = Release|ARM64
		Release|x64 = Release|x64
		Release|x86 = Release|x86
	EndGlobalSection
	GlobalSection(ProjectConfigurationPlatforms) = postSolution
		{131DF933-45A0-4B73-8B31-AF4AE5A14FE1}.Debug DirectWrite|ARM.ActiveCfg = Debug DirectWrite|ARM
		{131DF933-45A0-4B73-8B31-AF4AE5A14FE1}.Debug DirectWrite|ARM.Build.0 = Debug DirectWrite|ARM
		{131DF933-45A0-4B73-8B31-AF4AE5A14FE1}.Debug DirectWrite|ARM64.ActiveCfg = Debug DirectWrite|ARM64
		{131DF933-45A0-4B73-8B31-AF4AE5A14FE1}.Debug DirectWrite|ARM64.Build.0 = Debug DirectWrite|ARM64
		{131DF933-45A0-4B73-8B31-AF4AE5A14FE1}.Debug DirectWrite|x64.ActiveCfg = Debug DirectWrite|x64
		{131DF933-45A0-4B73-8B31-AF4AE5A14FE1}.Debug DirectWrite|x64.Build.0 = Debug DirectWrite|x64
		{131DF933-45A0-4B73-8B31-AF4AE5A14FE1}.Debug DirectWrite|x86.ActiveCfg = Debug DirectWrite|Win32
		{131DF933-45A0-4B73-8B31-AF4AE5A14FE1}.Debug DirectWrite|x86.Build.0 = Debug DirectWrite|Win32
		{131DF933-45A0-4B73-8B31-AF4AE5A14FE1}.Debug MultiByte|ARM.ActiveCfg = Debug MultiByte|ARM
		{131DF933-45A0-4B73-8B31-AF4AE5A14FE1}.Debug MultiByte|ARM.Build.0 = Debug MultiByte|ARM
		{131DF933-45A0-4B73-8B31-AF4AE5A14FE1}.Debug MultiByte|ARM64.ActiveCfg = Debug MultiByte|ARM64
		{131DF933-45A0-4B73-8B31-AF4AE5A14FE1}.Debug MultiByte|ARM64.Build.0 = Debug MultiByte|ARM64
		{131DF933-45A0-4B73-8B31-AF4AE5A14FE1}.Debug MultiByte|x64.ActiveCfg = Debug MultiByte|x64
		{131DF933-45A0-4B73-8B31-AF4AE5A14FE1}.Debug MultiByte|x64.Build.0 = Debug MultiByte|x64
		{131DF933-45A0-4B73-8B31-AF4AE5A14FE1}.Debug MultiByte|x86.ActiveCfg = Debug MultiByte|Win32
		{131DF933-45A0-4B73-8B31-AF4AE5A14FE1}.Debug MultiByte|x86.Build.0 = Debug MultiByte|Win32
		{131DF933-45A0-4B73-8B31-AF4AE5A14FE1}.Debug|ARM.ActiveCfg = Debug|ARM
		{131DF933-45A0-4B73-8B31-AF4AE5A14FE1}.Debug|ARM.Build.0 = Debug|ARM
		{131DF933-45A0-4B73-8B31-AF4AE5A14FE1}.Debug|ARM64.ActiveCfg = Debug|ARM64
		{131DF933-45A0-4B73-8B31-AF4AE5A14FE1}.Debug|ARM64.Build.0 = Debug|ARM64
		{131DF933-45A0-4B73-8B31-AF4AE5A14FE1}.Debug|x64.ActiveCfg = Debug|x64
		{131DF933-45A0-4B73-8B31-AF4AE5A14FE1}.Debug|x64.Build.0 = Debug|x64
		{131DF933-45A0-4B73-8B31-AF4AE5A14FE1}.Debug|x86.ActiveCfg = Debug|Win32
		{131DF933-45A0-4B73-8B31-AF4AE5A14FE1}.Debug|x86.Build.0 = Debug|Win32
		{131DF933-45A0-4B73-8B31-AF4AE5A14FE1}.Release DirectWrite|ARM.ActiveCfg = Release DirectWrite|ARM
		{131DF933-45A0-4B73-8B31-AF4AE5A14FE1}.Release DirectWrite|ARM.Build.0 = Release DirectWrite|ARM
		{131DF933-45A0-4B73-8B31-AF4AE5A14FE1}.Release DirectWrite|ARM64.ActiveCfg = Release DirectWrite|ARM64
		{131DF933-45A0-4B73-8B31-AF4AE5A14FE1}.Release DirectWrite|ARM64.Build.0 = Release DirectWrite|ARM64
		{131DF933-45A0-4B73-8B31-AF4AE5A14FE1}.Release DirectWrite|x64.ActiveCfg = Release DirectWrite|x64
		{131DF933-45A0-4B73-8B31-AF4AE5A14FE1}.Release DirectWrite|x64.Build.0 = Release DirectWrite|x64
		{131DF933-45A0-4B73-8B31-AF4AE5A14FE1}.Release DirectWrite|x86.ActiveCfg = Release DirectWrite|Win32
		{131DF933-45A0-4B73-8B31-AF4AE5A14FE1}.Release DirectWrite|x86.Build.0 = Release DirectWrite|Win32
		{131DF933-45A0-4B73-8B31-AF4AE5A14FE1}.Release|ARM.ActiveCfg = Release|ARM
		{131DF933-45A0-4B73-8B31-AF4AE5A14FE1}.Release|ARM.Build.0 = Release|ARM
		{131DF933-45A0-4B73-8B31-AF4AE5A14FE1}.Release|ARM64.ActiveCfg = Release|ARM64
		{131DF933-45A0-4B73-8B31-AF4AE5A14FE1}.Release|ARM64.Build.0 = Release|ARM64
		{131DF933-45A0-4B73-8B31-AF4AE5A14FE1}.Release|x64.ActiveCfg = Release|x64
		{131DF933-45A0-4B73-8B31-AF4AE5A14FE1}.Release|x64.Build.0 = Release|x64
		{131DF933-45A0-4B73-8B31-AF4AE5A14FE1}.Release|x86.ActiveCfg = Release|Win32
		{131DF933-45A0-4B73-8B31-AF4AE5A14FE1}.Release|x86.Build.0 = Release|Win32
		{E34CF54D-5EF4-456E-B25D-85DBB05D0773}.Debug DirectWrite|ARM.ActiveCfg = Debug DirectWrite|ARM
		{E34CF54D-5EF4-456E-B25D-85DBB05D0773}.Debug DirectWrite|ARM.Build.0 = Debug DirectWrite|ARM
		{E34CF54D-5EF4-456E-B25D-85DBB05D0773}.Debug DirectWrite|ARM64.ActiveCfg = Debug DirectWrite|ARM64
		{E34CF54D-5EF4-456E-B25D-85DBB05D0773}.Debug DirectWrite|ARM64.Build.0 = Debug DirectWrite|ARM64
		{E34CF54D-5EF4-456E-B25D-85DBB05D0773}.Debug DirectWrite|x64.ActiveCfg = Debug DirectWrite|x64
		{E34CF54D-5EF4-456E-B25D-85DBB05D0773}.Debug DirectWrite|x64.Build.0 = Debug DirectWrite|x64
		{E34CF54D-5EF4-456E-B25D-85DBB05D0773}.Debug DirectWrite|x86.ActiveCfg = Debug DirectWrite|Win32
		{E34CF54D-5EF4-456E-B25D-85DBB05D0773}.Debug DirectWrite|x86.Build.0 = Debug DirectWrite|Win32
		{E34CF54D-5EF4-456E-B25D-85DBB05D0773}.Debug MultiByte|ARM.ActiveCfg = Debug MultiByte|Win32
		{E34CF54D-5EF4-456E-B25D-85DBB05D0773}.Debug MultiByte|ARM64.ActiveCfg = Debug MultiByte|Win32
		{E34CF54D-5EF4-456E-B25D-85DBB05D0773}.Debug MultiByte|x64.ActiveCfg = Debug MultiByte|Win32
		{E34CF54D-5EF4-456E-B25D-85DBB05D0773}.Debug MultiByte|x86.ActiveCfg = Debug MultiByte|Win32
		{E34CF54D-5EF4-456E-B25D-85DBB05D0773}.Debug MultiByte|x86.Build.0 = Debug MultiByte|Win32
		{E34CF54D-5EF4-456E-B25D-85DBB05D0773}.Debug|ARM.ActiveCfg = Debug|ARM
		{E34CF54D-5EF4-456E-B25D-85DBB05D0773}.Debug|ARM.Build.0 = Debug|ARM
		{E34CF54D-5EF4-456E-B25D-85DBB05D0773}.Debug|ARM64.ActiveCfg = Debug|ARM64
		{E34CF54D-5EF4-456E-B25D-85DBB05D0773}.Debug|ARM64.Build.0 = Debug|ARM64
		{E34CF54D-5EF4-456E-B25D-85DBB05D0773}.Debug|x64.ActiveCfg = Debug|x64
		{E34CF54D-5EF4-456E-B25D-85DBB05D0773}.Debug|x64.Build.0 = Debug|x64
		{E34CF54D-5EF4-456E-B25D-85DBB05D0773}.Debug|x86.ActiveCfg = Debug|Win32
		{E34CF54D-5EF4-456E-B25D-85DBB05D0773}.Debug|x86.Build.0 = Debug|Win32
		{E34CF54D-5EF4-456E-B25D-85DBB05D0773}.Release DirectWrite|ARM.ActiveCfg = Release DirectWrite|ARM
		{E34CF54D-5EF4-456E-B25D-85DBB05D0773}.Release DirectWrite|ARM.Build.0 = Release DirectWrite|ARM
		{E34CF54D-5EF4-456E-B25D-85DBB05D0773}.Release DirectWrite|ARM64.ActiveCfg = Release DirectWrite|ARM64
		{E34CF54D-5EF4-456E-B25D-85DBB05D0773}.Release DirectWrite|ARM64.Build.0 = Release DirectWrite|ARM64
		{E34CF54D-5EF4-456E-B25D-85DBB05D0773}.Release DirectWrite|x64.ActiveCfg = Release DirectWrite|x64
		{E34CF54D-5EF4-456E-B25D-85DBB05D0773}.Release DirectWrite|x64.Build.0 = Release DirectWrite|x64
		{E34CF54D-5EF4-456E-B25D-85DBB05D0773}.Release DirectWrite|x86.ActiveCfg = Release DirectWrite|Win32
		{E34CF54D-5EF4-456E-B25D-85DBB05D0773}.Release DirectWrite|x86.Build.0 = Release DirectWrite|Win32
		{E34CF54D-5EF4-456E-B25D-85DBB05D0773}.Release|ARM.ActiveCfg = Release|ARM
		{E34CF54D-5EF4-456E-B25D-85DBB05D0773}.Release|ARM.Build.0 = Release|ARM
		{E34CF54D-5EF4-456E-B25D-85DBB05D0773}.Release|ARM64.ActiveCfg = Release|ARM64
		{E34CF54D-5EF4-456E-B25D-85DBB05D0773}.Release|ARM64.Build.0 = Release|ARM64
		{E34CF54D-5EF4-456E-B25D-85DBB05D0773}.Release|x64.ActiveCfg = Release|x64
		{E34CF54D-5EF4-456E-B25D-85DBB05D0773}.Release|x64.Build.0 = Release|x64
		{E34CF54D-5EF4-456E-B25D-85DBB05D0773}.Release|x86.ActiveCfg = Release|Win32
		{E34CF54D-5EF4-456E-B25D-85DBB05D0773}.Release|x86.Build.0 = Release|Win32
		{CE23BFEE-387F-494D-A8BC-85216C28C0D7}.Debug DirectWrite|ARM.ActiveCfg = Debug DirectWrite|ARM
		{CE23BFEE-387F-494D-A8BC-85216C28C0D7}.Debug DirectWrite|ARM.Build.0 = Debug DirectWrite|ARM
		{CE23BFEE-387F-494D-A8BC-85216C28C0D7}.Debug DirectWrite|ARM64.ActiveCfg = Debug DirectWrite|ARM64
		{CE23BFEE-387F-494D-A8BC-85216C28C0D7}.Debug DirectWrite|ARM64.Build.0 = Debug DirectWrite|ARM64
		{CE23BFEE-387F-494D-A8BC-85216C28C0D7}.Debug DirectWrite|x64.ActiveCfg = Debug DirectWrite|x64
		{CE23BFEE-387F-494D-A8BC-85216C28C0D7}.Debug DirectWrite|x64.Build.0 = Debug DirectWrite|x64
		{CE23BFEE-387F-494D-A8BC-85216C28C0D7}.Debug DirectWrite|x86.ActiveCfg = Debug DirectWrite|Win32
		{CE23BFEE-387F-494D-A8BC-85216C28C0D7}.Debug DirectWrite|x86.Build.0 = Debug DirectWrite|Win32
		{CE23BFEE-387F-494D-A8BC-85216C28C0D7}.Debug MultiByte|ARM.ActiveCfg = Debug MultiByte|Win32
		{CE23BFEE-387F-494D-A8BC-85216C28C0D7}.Debug MultiByte|ARM64.ActiveCfg = Debug MultiByte|Win32
		{CE23BFEE-387F-494D-A8BC-85216C28C0D7}.Debug MultiByte|x64.ActiveCfg = Debug MultiByte|Win32
		{CE23BFEE-387F-494D-A8BC-85216C28C0D7}.Debug MultiByte|x86.ActiveCfg = Debug MultiByte|Win32
		{CE23BFEE-387F-494D-A8BC-85216C28C0D7}.Debug MultiByte|x86.Build.0 = Debug MultiByte|Win32
		{CE23BFEE-387F-494D-A8BC-85216C28C0D7}.Debug|ARM.ActiveCfg = Debug|ARM
		{CE23BFEE-387F-494D-A8BC-85216C28C0D7}.Debug|ARM.Build.0 = Debug|ARM
		{CE23BFEE-387F-494D-A8BC-85216C28C0D7}.Debug|ARM64.ActiveCfg = Debug|ARM64
		{CE23BFEE-387F-494D-A8BC-85216C28C0D7}.Debug|ARM64.Build.0 = Debug|ARM64
		{CE23BFEE-387F-494D-A8BC-85216C28C0D7}.Debug|x64.ActiveCfg = Debug|x64
		{CE23BFEE-387F-494D-A8BC-85216C28C0D7}.Debug|x64.Build.0 = Debug|x64
		{CE23BFEE-387F-494D-A8BC-85216C28C0D7}.Debug|x86.ActiveCfg = Debug|Win32
		{CE23BFEE-387F-494D-A8BC-85216C28C0D7}.Debug|x86.Build.0 = Debug|Win32
		{CE23BFEE-387F-494D-A8BC-85216C28C0D7}.Release DirectWrite|ARM.ActiveCfg = Release DirectWrite|ARM
		{CE23BFEE-387F-494D-A8BC-85216C28C0D7}.Release DirectWrite|ARM.Build.0 = Release DirectWrite|ARM
		{CE23BFEE-387F-494D-A8BC-85216C28C0D7}.Release DirectWrite|ARM64.ActiveCfg = Release DirectWrite|ARM64
		{CE23BFEE-387F-494D-A8BC-85216C28C0D7}.Release DirectWrite|ARM64.Build.0 = Release DirectWrite|ARM64
		{CE23BFEE-387F-494D-A8BC-85216C28C0D7}.Release DirectWrite|x64.ActiveCfg = Release DirectWrite|x64
		{CE23BFEE-387F-494D-A8BC-85216C28C0D7}.Release DirectWrite|x64.Build.0 = Release DirectWrite|x64
		{CE23BFEE-387F-494D-A8BC-85216C28C0D7}.Release DirectWrite|x86.ActiveCfg = Release DirectWrite|Win32
		{CE23BFEE-387F-494D-A8BC-85216C28C0D7}.Release DirectWrite|x86.Build.0 = Release DirectWrite|Win32
		{CE23BFEE-387F-494D-A8BC-85216C28C0D7}.Release|ARM.ActiveCfg = Release|ARM
		{CE23BFEE-387F-494D-A8BC-85216C28C0D7}.Release|ARM.Build.0 = Release|ARM
		{CE23BFEE-387F-494D-A8BC-85216C28C0D7}.Release|ARM64.ActiveCfg = Release|ARM64
		{CE23BFEE-387F-494D-A8BC-85216C28C0D7}.Release|ARM64.Build.0 = Release|ARM64
		{CE23BFEE-387F-494D-A8BC-85216C28C0D7}.Release|x64.ActiveCfg = Release|x64
		{CE23BFEE-387F-494D-A8BC-85216C28C0D7}.Release|x64.Build.0 = Release|x64
		{CE23BFEE-387F-494D-A8BC-85216C28C0D7}.Release|x86.ActiveCfg = Release|Win32
		{CE23BFEE-387F-494D-A8BC-85216C28C0D7}.Release|x86.Build.0 = Release|Win32
		{30287EC1-98BA-476E-92B7-825D69B8DAA8}.Debug DirectWrite|ARM.ActiveCfg = Debug DirectWrite|ARM
		{30287EC1-98BA-476E-92B7-825D69B8DAA8}.Debug DirectWrite|ARM.Build.0 = Debug DirectWrite|ARM
		{30287EC1-98BA-476E-92B7-825D69B8DAA8}.Debug DirectWrite|ARM64.ActiveCfg = Debug DirectWrite|ARM64
		{30287EC1-98BA-476E-92B7-825D69B8DAA8}.Debug DirectWrite|ARM64.Build.0 = Debug DirectWrite|ARM64
		{30287EC1-98BA-476E-92B7-825D69B8DAA8}.Debug DirectWrite|x64.ActiveCfg = Debug DirectWrite|x64
		{30287EC1-98BA-476E-92B7-825D69B8DAA8}.Debug DirectWrite|x64.Build.0 = Debug DirectWrite|x64
		{30287EC1-98BA-476E-92B7-825D69B8DAA8}.Debug DirectWrite|x86.ActiveCfg = Debug DirectWrite|Win32
		{30287EC1-98BA-476E-92B7-825D69B8DAA8}.Debug DirectWrite|x86.Build.0 = Debug DirectWrite|Win32
		{30287EC1-98BA-476E-92B7-825D69B8DAA8}.Debug MultiByte|ARM.ActiveCfg = Debug MultiByte|Win32
		{30287EC1-98BA-476E-92B7-825D69B8DAA8}.Debug MultiByte|ARM64.ActiveCfg = Debug MultiByte|Win32
		{30287EC1-98BA-476E-92B7-825D69B8DAA8}.Debug MultiByte|x64.ActiveCfg = Debug MultiByte|Win32
		{30287EC1-98BA-476E-92B7-825D69B8DAA8}.Debug MultiByte|x86.ActiveCfg = Debug MultiByte|Win32
		{30287EC1-98BA-476E-92B7-825D69B8DAA8}.Debug MultiByte|x86.Build.0 = Debug MultiByte|Win32
		{30287EC1-98BA-476E-92B7-825D69B8DAA8}.Debug|ARM.ActiveCfg = Debug|ARM
		{30287EC1-98BA-476E-92B7-825D69B8DAA8}.Debug|ARM.Build.0 = Debug|ARM
		{30287EC1-98BA-476E-92B7-825D69B8DAA8}.Debug|ARM64.ActiveCfg = Debug|ARM64
		{30287EC1-98BA-476E-92B7-825D69B8DAA8}.Debug|ARM64.Build.0 = Debug|ARM64
		{30287EC1-98BA-476E-92B7-825D69B8DAA8}.Debug|x64.ActiveCfg = Debug|x64
		{30287EC1-98BA-476E-92B7-825D69B8DAA8}.Debug|x64.Build.0 = Debug|x64
		{30287EC1-98BA-476E-92B7-825D69B8DAA8}.Debug|x86.ActiveCfg = Debug|Win32
		{30287EC1-98BA-476E-92B7-825D69B8DAA8}.Debug|x86.Build.0 = Debug|Win32
		{30287EC1-98BA-476E-92B7-825D69B8DAA8}.Release DirectWrite|ARM.ActiveCfg = Release DirectWrite|ARM
		{30287EC1-98BA-476E-92B7-825D69B8DAA8}.Release DirectWrite|ARM.Build.0 = Release DirectWrite|ARM
		{30287EC1-98BA-476E-92B7-825D69B8DAA8}.Release DirectWrite|ARM64.ActiveCfg = Release DirectWrite|ARM64
		{30287EC1-98BA-476E-92B7-825D69B8DAA8}.Release DirectWrite|ARM64.Build.0 = Release DirectWrite|ARM64
		{30287EC1-98BA-476E-92B7-825D69B8DAA8}.Release DirectWrite|x64.ActiveCfg = Release DirectWrite|x64
		{30287EC1-98BA-476E-92B7-825D69B8DAA8}.Release DirectWrite|x64.Build.0 = Release DirectWrite|x64
		{30287EC1-98BA-476E-92B7-825D69B8DAA8}.Release DirectWrite|x86.ActiveCfg = Release DirectWrite|Win32
		{30287EC1-98BA-476E-92B7-825D69B8DAA8}.Release DirectWrite|x86.Build.0 = Release DirectWrite|Win32
		{30287EC1-98BA-476E-92B7-825D69B8DAA8}.Release|ARM.ActiveCfg = Release|ARM
		{30287EC1-98BA-476E-92B7-825D69B8DAA8}.Release|ARM.Build.0 = Release|ARM
		{30287EC1-98BA-476E-92B7-825D69B8DAA8}.Release|ARM64.ActiveCfg = Release|ARM64
		{30287EC1-98BA-476E-92B7-825D69B8DAA8}.Release|ARM64.Build.0 = Release|ARM64
		{30287EC1-98BA-476E-92B7-825D69B8DAA8}.Release|x64.ActiveCfg = Release|x64
		{30287EC1-98BA-476E-92B7-825D69B8DAA8}.Release|x64.Build.0 = Release|x64
		{30287EC1-98BA-476E-92B7-825D69B8DAA8}.Release|x86.ActiveCfg = Release|Win32
		{30287EC1-98BA-476E-92B7-825D69B8DAA8}.Release|x86.Build.0 = Release|Win32
		{1D7D5556-45A6-4FA6-8901-E55567564713}.Debug DirectWrite|ARM.ActiveCfg = Debug DirectWrite|ARM
		{1D7D5556-45A6-4FA6-8901-E55567564713}.Debug DirectWrite|ARM.Build.0 = Debug DirectWrite|ARM
		{1D7D5556-45A6-4FA6-8901-E55567564713}.Debug DirectWrite|ARM64.ActiveCfg = Debug DirectWrite|ARM64
		{1D7D5556-45A6-4FA6-8901-E55567564713}.Debug DirectWrite|ARM64.Build.0 = Debug DirectWrite|ARM64
		{1D7D5556-45A6-4FA6-8901-E55567564713}.Debug DirectWrite|x64.ActiveCfg = Debug DirectWrite|x64
		{1D7D5556-45A6-4FA6-8901-E55567564713}.Debug DirectWrite|x64.Build.0 = Debug DirectWrite|x64
		{1D7D5556-45A6-4FA6-8901-E55567564713}.Debug DirectWrite|x86.ActiveCfg = Debug DirectWrite|Win32
		{1D7D5556-45A6-4FA6-8901-E55567564713}.Debug DirectWrite|x86.Build.0 = Debug DirectWrite|Win32
		{1D7D5556-45A6-4FA6-8901-E55567564713}.Debug MultiByte|ARM.ActiveCfg = Debug MultiByte|Win32
		{1D7D5556-45A6-4FA6-8901-E55567564713}.Debug MultiByte|ARM64.ActiveCfg = Debug MultiByte|Win32
		{1D7D5556-45A6-4FA6-8901-E55567564713}.Debug MultiByte|x64.ActiveCfg = Debug MultiByte|Win32
		{1D7D5556-45A6-4FA6-8901-E55567564713}.Debug MultiByte|x86.ActiveCfg = Debug MultiByte|Win32
		{1D7D5556-45A6-4FA6-8901-E55567564713}.Debug MultiByte|x86.Build.0 = Debug MultiByte|Win32
		{1D7D5556-45A6-4FA6-8901-E55567564713}.Debug|ARM.ActiveCfg = Debug|ARM
		{1D7D5556-45A6-4FA6-8901-E55567564713}.Debug|ARM.Build.0 = Debug|ARM
		{1D7D5556-45A6-4FA6-8901-E55567564713}.Debug|ARM64.ActiveCfg = Debug|ARM64
		{1D7D5556-45A6-4FA6-8901-E55567564713}.Debug|ARM64.Build.0 = Debug|ARM64
		{1D7D5556-45A6-4FA6-8901-E55567564713}.Debug|x64.ActiveCfg = Debug|x64
		{1D7D5556-45A6-4FA6-8901-E55567564713}.Debug|x64.Build.0 = Debug|x64
		{1D7D5556-45A6-4FA6-8901-E55567564713}.Debug|x86.ActiveCfg = Debug|Win32
		{1D7D5556-45A6-4FA6-8901-E55567564713}.Debug|x86.Build.0 = Debug|Win32
		{1D7D5556-45A6-4FA6-8901-E55567564713}.Release DirectWrite|ARM.ActiveCfg = Release DirectWrite|ARM
		{1D7D5556-45A6-4FA6-8901-E55567564713}.Release DirectWrite|ARM.Build.0 = Release DirectWrite|ARM
		{1D7D5556-45A6-4FA6-8901-E55567564713}.Release DirectWrite|ARM64.ActiveCfg = Release DirectWrite|ARM64
		{1D7D5556-45A6-4FA6-8901-E55567564713}.Release DirectWrite|ARM64.Build.0 = Release DirectWrite|ARM64
		{1D7D5556-45A6-4FA6-8901-E55567564713}.Release DirectWrite|x64.ActiveCfg = Release DirectWrite|x64
		{1D7D5556-45A6-4FA6-8901-E55567564713}.Release DirectWrite|x64.Build.0 = Release DirectWrite|x64
		{1D7D5556-45A6-4FA6-8901-E55567564713}.Release DirectWrite|x86.ActiveCfg = Release DirectWrite|Win32
		{1D7D5556-45A6-4FA6-8901-E55567564713}.Release DirectWrite|x86.Build.0 = Release DirectWrite|Win32
		{1D7D5556-45A6-4FA6-8901-E55567564713}.Release|ARM.ActiveCfg = Release|ARM
		{1D7D5556-45A6-4FA6-8901-E55567564713}.Release|ARM.Build.0 = Release|ARM
		{1D7D5556-45A6-4FA6-8901-E55567564713}.Release|ARM64.ActiveCfg = Release|ARM64
		{1D7D5556-45A6-4FA6-8901-E55567564713}.Release|ARM64.Build.0 = Release|ARM64
		{1D7D5556-45A6-4FA6-8901-E55567564713}.Release|x64.ActiveCfg = Release|x64
		{1D7D5556-45A6-4FA6-8901-E55567564713}.Release|x64.Build.0 = Release|x64
		{1D7D5556-45A6-4FA6-8901-E55567564713}.Release|x86.ActiveCfg = Release|Win32
		{1D7D5556-45A6-4FA6-8901-E55567564713}.Release|x86.Build.0 = Release|Win32
		{F9962044-6240-420E-BB42-274FC56A7F99}.Debug DirectWrite|ARM.ActiveCfg = Debug DirectWrite|ARM
		{F9962044-6240-420E-BB42-274FC56A7F99}.Debug DirectWrite|ARM.Build.0 = Debug DirectWrite|ARM
		{F9962044-6240-420E-BB42-274FC56A7F99}.Debug DirectWrite|ARM64.ActiveCfg = Debug DirectWrite|ARM64
		{F9962044-6240-420E-BB42-274FC56A7F99}.Debug DirectWrite|ARM64.Build.0 = Debug DirectWrite|ARM64
		{F9962044-6240-420E-BB42-274FC56A7F99}.Debug DirectWrite|x64.ActiveCfg = Debug DirectWrite|x64
		{F9962044-6240-420E-BB42-274FC56A7F99}.Debug DirectWrite|x64.Build.0 = Debug DirectWrite|x64
		{F9962044-6240-420E-BB42-274FC56A7F99}.Debug DirectWrite|x86.ActiveCfg = Debug DirectWrite|Win32
		{F9962044-6240-420E-BB42-274FC56A7F99}.Debug DirectWrite|x86.Build.0 = Debug DirectWrite|Win32
		{F9962044-6240-420E-BB42-274FC56A7F99}.Debug MultiByte|ARM.ActiveCfg = Debug MultiByte|Win32
		{F9962044-6240-420E-BB42-274FC56A7F99}.Debug MultiByte|ARM64.ActiveCfg = Debug MultiByte|Win32
		{F9962044-6240-420E-BB42-274FC56A7F99}.Debug MultiByte|x64.ActiveCfg = Debug MultiByte|Win32
		{F9962044-6240-420E-BB42-274FC56A7F99}.Debug MultiByte|x86.ActiveCfg = Debug MultiByte|Win32
		{F9962044-6240-420E-BB42-274FC56A7F99}.Debug MultiByte|x86.Build.0 = Debug MultiByte|Win32
		{F9962044-6240-420E-BB42-274FC56A7F99}.Debug|ARM.ActiveCfg = Debug|ARM
		{F9962044-6240-420E-BB42-274FC56A7F99}.Debug|ARM.Build.0 = Debug|ARM
		{F9962044-6240-420E-BB42-274FC56A7F99}.Debug|ARM64.ActiveCfg = Debug|ARM64
		{F9962044-6240-420E-BB42-274FC56A7F99}.Debug|ARM64.Build.0 = Debug|ARM64
		{F9962044-6240-420E-BB42-274FC56A7F99}.Debug|x64.ActiveCfg = Debug|x64
		{F9962044-6240-420E-BB42-274FC56A7F99}.Debug|x64.Build.0 = Debug|x64
		{F9962044-6240-420E-BB42-274FC56A7F99}.Debug|x86.ActiveCfg = Debug|Win32
		{F9962044-6240-420E-BB42-274FC56A7F99}.Debug|x86.Build.0 = Debug|Win32
		{F9962044-6240-420E-BB42-274FC56A7F99}.Release DirectWrite|ARM.ActiveCfg = Release DirectWrite|ARM
		{F9962044-6240-420E-BB42-274FC56A7F99}.Release DirectWrite|ARM.Build.0 = Release DirectWrite|ARM
		{F9962044-6240-420E-BB42-274FC56A7F99}.Release DirectWrite|ARM64.ActiveCfg = Release DirectWrite|ARM64
		{F9962044-6240-420E-BB42-274FC56A7F99}.Release DirectWrite|ARM64.Build.0 = Release DirectWrite|ARM64
		{F9962044-6240-420E-BB42-274FC56A7F99}.Release DirectWrite|x64.ActiveCfg = Release DirectWrite|x64
		{F9962044-6240-420E-BB42-274FC56A7F99}.Release DirectWrite|x64.Build.0 = Release DirectWrite|x64
		{F9962044-6240-420E-BB42-274FC56A7F99}.Release DirectWrite|x86.ActiveCfg = Release DirectWrite|Win32
		{F9962044-6240-420E-BB42-274FC56A7F99}.Release DirectWrite|x86.Build.0 = Release DirectWrite|Win32
		{F9962044-6240-420E-BB42-274FC56A7F99}.Release|ARM.ActiveCfg = Release|ARM
		{F9962044-6240-420E-BB42-274FC56A7F99}.Release|ARM.Build.0 = Release|ARM
		{F9962044-6240-420E-BB42-274FC56A7F99}.Release|ARM64.ActiveCfg = Release|ARM64
		{F9962044-6240-420E-BB42-274FC56A7F99}.Release|ARM64.Build.0 = Release|ARM64
		{F9962044-6240-420E-BB42-274FC56A7F99}.Release|x64.ActiveCfg = Release|x64
		{F9962044-6240-420E-BB42-274FC56A7F99}.Release|x64.Build.0 = Release|x64
		{F9962044-6240-420E-BB42-274FC56A7F99}.Release|x86.ActiveCfg = Release|Win32
		{F9962044-6240-420E-BB42-274FC56A7F99}.Release|x86.Build.0 = Release|Win32
		{1E83D902-9124-40F7-91F1-AA930C1B3F51}.Debug DirectWrite|ARM.ActiveCfg = Debug DirectWrite|ARM
		{1E83D902-9124-40F7-91F1-AA930C1B3F51}.Debug DirectWrite|ARM.Build.0 = Debug DirectWrite|ARM
		{1E83D902-9124-40F7-91F1-AA930C1B3F51}.Debug DirectWrite|ARM64.ActiveCfg = Debug DirectWrite|ARM64
		{1E83D902-9124-40F7-91F1-AA930C1B3F51}.Debug DirectWrite|ARM64.Build.0 = Debug DirectWrite|ARM64
		{1E83D902-9124-40F7-91F1-AA930C1B3F51}.Debug DirectWrite|x64.ActiveCfg = Debug DirectWrite|x64
		{1E83D902-9124-40F7-91F1-AA930C1B3F51}.Debug DirectWrite|x64.Build.0 = Debug DirectWrite|x64
		{1E83D902-9124-40F7-91F1-AA930C1B3F51}.Debug DirectWrite|x86.ActiveCfg = Debug DirectWrite|Win32
		{1E83D902-9124-40F7-91F1-AA930C1B3F51}.Debug DirectWrite|x86.Build.0 = Debug DirectWrite|Win32
		{1E83D902-9124-40F7-91F1-AA930C1B3F51}.Debug MultiByte|ARM.ActiveCfg = Debug MultiByte|Win32
		{1E83D902-9124-40F7-91F1-AA930C1B3F51}.Debug MultiByte|ARM64.ActiveCfg = Debug MultiByte|Win32
		{1E83D902-9124-40F7-91F1-AA930C1B3F51}.Debug MultiByte|x64.ActiveCfg = Debug MultiByte|Win32
		{1E83D902-9124-40F7-91F1-AA930C1B3F51}.Debug MultiByte|x86.ActiveCfg = Debug MultiByte|Win32
		{1E83D902-9124-40F7-91F1-AA930C1B3F51}.Debug MultiByte|x86.Build.0 = Debug MultiByte|Win32
		{1E83D902-9124-40F7-91F1-AA930C1B3F51}.Debug|ARM.ActiveCfg = Debug|ARM
		{1E83D902-9124-40F7-91F1-AA930C1B3F51}.Debug|ARM.Build.0 = Debug|ARM
		{1E83D902-9124-40F7-91F1-AA930C1B3F51}.Debug|ARM64.ActiveCfg = Debug|ARM64
		{1E83D902-9124-40F7-91F1-AA930C1B3F51}.Debug|ARM64.Build.0 = Debug|ARM64
		{1E83D902-9124-40F7-91F1-AA930C1B3F51}.Debug|x64.ActiveCfg = Debug|x64
		{1E83D902-9124-40F7-91F1-AA930C1B3F51}.Debug|x64.Build.0 = Debug|x64
		{1E83D902-9124-40F7-91F1-AA930C1B3F51}.Debug|x86.ActiveCfg = Debug|Win32
		{1E83D902-9124-40F7-91F1-AA930C1B3F51}.Debug|x86.Build.0 = Debug|Win32
		{1E83D902-9124-40F7-91F1-AA930C1B3F51}.Release DirectWrite|ARM.ActiveCfg = Release DirectWrite|ARM
		{1E83D902-9124-40F7-91F1-AA930C1B3F51}.Release DirectWrite|ARM.Build.0 = Release DirectWrite|ARM
		{1E83D902-9124-40F7-91F1-AA930C1B3F51}.Release DirectWrite|ARM64.ActiveCfg = Release DirectWrite|ARM64
		{1E83D902-9124-40F7-91F1-AA930C1B3F51}.Release DirectWrite|ARM64.Build.0 = Release DirectWrite|ARM64
		{1E83D902-9124-40F7-91F1-AA930C1B3F51}.Release DirectWrite|x64.ActiveCfg = Release DirectWrite|x64
		{1E83D902-9124-40F7-91F1-AA930C1B3F51}.Release DirectWrite|x64.Build.0 = Release DirectWrite|x64
		{1E83D902-9124-40F7-91F1-AA930C1B3F51}.Release DirectWrite|x86.ActiveCfg = Release DirectWrite|Win32
		{1E83D902-9124-40F7-91F1-AA930C1B3F51}.Release DirectWrite|x86.Build.0 = Release DirectWrite|Win32
		{1E83D902-9124-40F7-91F1-AA930C1B3F51}.Release|ARM.ActiveCfg = Release|ARM
		{1E83D902-9124-40F7-91F1-AA930C1B3F51}.Release|ARM.Build.0 = Release|ARM
		{1E83D902-9124-40F7-91F1-AA930C1B3F51}.Release|ARM64.ActiveCfg = Release|ARM64
		{1E83D902-9124-40F7-91F1-AA930C1B3F51}.Release|ARM64.Build.0 = Release|ARM64
		{1E83D902-9124-40F7-91F1-AA930C1B3F51}.Release|x64.ActiveCfg = Release|x64
		{1E83D902-9124-40F7-91F1-AA930C1B3F51}.Release|x64.Build.0 = Release|x64
		{1E83D902-9124-40F7-91F1-AA930C1B3F51}.Release|x86.ActiveCfg = Release|Win32
		{1E83D902-9124-40F7-91F1-AA930C1B3F51}.Release|x86.Build.0 = Release|Win32
		{E9F482A4-A807-46F3-AF18-F35F59EB0D5B}.Debug DirectWrite|ARM.ActiveCfg = Debug DirectWrite|ARM
		{E9F482A4-A807-46F3-AF18-F35F59EB0D5B}.Debug DirectWrite|ARM.Build.0 = Debug DirectWrite|ARM
		{E9F482A4-A807-46F3-AF18-F35F59EB0D5B}.Debug DirectWrite|ARM64.ActiveCfg = Debug DirectWrite|ARM64
		{E9F482A4-A807-46F3-AF18-F35F59EB0D5B}.Debug DirectWrite|ARM64.Build.0 = Debug DirectWrite|ARM64
		{E9F482A4-A807-46F3-AF18-F35F59EB0D5B}.Debug DirectWrite|x64.ActiveCfg = Debug DirectWrite|x64
		{E9F482A4-A807-46F3-AF18-F35F59EB0D5B}.Debug DirectWrite|x64.Build.0 = Debug DirectWrite|x64
		{E9F482A4-A807-46F3-AF18-F35F59EB0D5B}.Debug DirectWrite|x86.ActiveCfg = Debug DirectWrite|Win32
		{E9F482A4-A807-46F3-AF18-F35F59EB0D5B}.Debug DirectWrite|x86.Build.0 = Debug DirectWrite|Win32
		{E9F482A4-A807-46F3-AF18-F35F59EB0D5B}.Debug MultiByte|ARM.ActiveCfg = Debug MultiByte|Win32
		{E9F482A4-A807-46F3-AF18-F35F59EB0D5B}.Debug MultiByte|ARM64.ActiveCfg = Debug MultiByte|Win32
		{E9F482A4-A807-46F3-AF18-F35F59EB0D5B}.Debug MultiByte|x64.ActiveCfg = Debug MultiByte|Win32
		{E9F482A4-A807-46F3-AF18-F35F59EB0D5B}.Debug MultiByte|x86.ActiveCfg = Debug MultiByte|Win32
		{E9F482A4-A807-46F3-AF18-F35F59EB0D5B}.Debug MultiByte|x86.Build.0 = Debug MultiByte|Win32
		{E9F482A4-A807-46F3-AF18-F35F59EB0D5B}.Debug|ARM.ActiveCfg = Debug|ARM
		{E9F482A4-A807-46F3-AF18-F35F59EB0D5B}.Debug|ARM.Build.0 = Debug|ARM
		{E9F482A4-A807-46F3-AF18-F35F59EB0D5B}.Debug|ARM64.ActiveCfg = Debug|ARM64
		{E9F482A4-A807-46F3-AF18-F35F59EB0D5B}.Debug|ARM64.Build.0 = Debug|ARM64
		{E9F482A4-A807-46F3-AF18-F35F59EB0D5B}.Debug|x64.ActiveCfg = Debug|x64
		{E9F482A4-A807-46F3-AF18-F35F59EB0D5B}.Debug|x64.Build.0 = Debug|x64
		{E9F482A4-A807-46F3-AF18-F35F59EB0D5B}.Debug|x86.ActiveCfg = Debug|Win32
		{E9F482A4-A807-46F3-AF18-F35F59EB0D5B}.Debug|x86.Build.0 = Debug|Win32
		{E9F482A4-A807-46F3-AF18-F35F59EB0D5B}.Release DirectWrite|ARM.ActiveCfg = Release DirectWrite|ARM
		{E9F482A4-A807-46F3-AF18-F35F59EB0D5B}.Release DirectWrite|ARM.Build.0 = Release DirectWrite|ARM
		{E9F482A4-A807-46F3-AF18-F35F59EB0D5B}.Release DirectWrite|ARM64.ActiveCfg = Release DirectWrite|ARM64
		{E9F482A4-A807-46F3-AF18-F35F59EB0D5B}.Release DirectWrite|ARM64.Build.0 = Release DirectWrite|ARM64
		{E9F482A4-A807-46F3-AF18-F35F59EB0D5B}.Release DirectWrite|x64.ActiveCfg = Release DirectWrite|x64
		{E9F482A4-A807-46F3-AF18-F35F59EB0D5B}.Release DirectWrite|x64.Build.0 = Release DirectWrite|x64
		{E9F482A4-A807-46F3-AF18-F35F59EB0D5B}.Release DirectWrite|x86.ActiveCfg = Release DirectWrite|Win32
		{E9F482A4-A807-46F3-AF18-F35F59EB0D5B}.Release DirectWrite|x86.Build.0 = Release DirectWrite|Win32
		{E9F482A4-A807-46F3-AF18-F35F59EB0D5B}.Release|ARM.ActiveCfg = Release|ARM
		{E9F482A4-A807-46F3-AF18-F35F59EB0D5B}.Release|ARM.Build.0 = Release|ARM
		{E9F482A4-A807-46F3-AF18-F35F59EB0D5B}.Release|ARM64.ActiveCfg = Release|ARM64
		{E9F482A4-A807-46F3-AF18-F35F59EB0D5B}.Release|ARM64.Build.0 = Release|ARM64
		{E9F482A4-A807-46F3-AF18-F35F59EB0D5B}.Release|x64.ActiveCfg = Release|x64
		{E9F482A4-A807-46F3-AF18-F35F59EB0D5B}.Release|x64.Build.0 = Release|x64
		{E9F482A4-A807-46F3-AF18-F35F59EB0D5B}.Release|x86.ActiveCfg = Release|Win32
		{E9F482A4-A807-46F3-AF18-F35F59EB0D5B}.Release|x86.Build.0 = Release|Win32
	EndGlobalSection
	GlobalSection(SolutionProperties) = preSolution
		HideSolutionNode = FALSE
	EndGlobalSection
	GlobalSection(ExtensibilityGlobals) = postSolution
		SolutionGuid = {48E493C5-6AE7-4319-B53F-2C6FFA497A67}
	EndGlobalSection
EndGlobal
